
Microsoft Visual Studio Solution File, Format Version 12.00
Project("{FAE04EC0-301F-11D3-BF4B-00C04F79EFBC}") = "Coachify.API", "Coachify.API\Coachify.API.csproj", "{4089E9D6-3188-4E75-9564-CA70BE81B5C9}"
EndProject
Project("{FAE04EC0-301F-11D3-BF4B-00C04F79EFBC}") = "Coachify.BLL", "Coachify.BLL\Coachify.BLL.csproj", "{24FAD005-ECBA-4CF8-BA77-78ACDA480EBE}"
EndProject
Project("{FAE04EC0-301F-11D3-BF4B-00C04F79EFBC}") = "Coachify.DAL", "Coachify.DAL\Coachify.DAL.csproj", "{CE2B8BD4-A4F2-4235-891E-F3BB4FB8E3F8}"
EndProject
Global
	GlobalSection(SolutionConfigurationPlatforms) = preSolution
		Debug|Any CPU = Debug|Any CPU
		Release|Any CPU = Release|Any CPU
	EndGlobalSection
	GlobalSection(ProjectConfigurationPlatforms) = postSolution
		{4089E9D6-3188-4E75-9564-CA70BE81B5C9}.Debug|Any CPU.ActiveCfg = Debug|Any CPU
		{4089E9D6-3188-4E75-9564-CA70BE81B5C9}.Debug|Any CPU.Build.0 = Debug|Any CPU
		{4089E9D6-3188-4E75-9564-CA70BE81B5C9}.Release|Any CPU.ActiveCfg = Release|Any CPU
		{4089E9D6-3188-4E75-9564-CA70BE81B5C9}.Release|Any CPU.Build.0 = Release|Any CPU
		{24FAD005-ECBA-4CF8-BA77-78ACDA480EBE}.Debug|Any CPU.ActiveCfg = Debug|Any CPU
		{24FAD005-ECBA-4CF8-BA77-78ACDA480EBE}.Debug|Any CPU.Build.0 = Debug|Any CPU
		{24FAD005-ECBA-4CF8-BA77-78ACDA480EBE}.Release|Any CPU.ActiveCfg = Release|Any CPU
		{24FAD005-ECBA-4CF8-BA77-78ACDA480EBE}.Release|Any CPU.Build.0 = Release|Any CPU
		{CE2B8BD4-A4F2-4235-891E-F3BB4FB8E3F8}.Debug|Any CPU.ActiveCfg = Debug|Any CPU
		{CE2B8BD4-A4F2-4235-891E-F3BB4FB8E3F8}.Debug|Any CPU.Build.0 = Debug|Any CPU
		{CE2B8BD4-A4F2-4235-891E-F3BB4FB8E3F8}.Release|Any CPU.ActiveCfg = Release|Any CPU
		{CE2B8BD4-A4F2-4235-891E-F3BB4FB8E3F8}.Release|Any CPU.Build.0 = Release|Any CPU
	EndGlobalSection
EndGlobal
